// !$*UTF8*$!
{
	archiveVersion = 1;
	classes = {
	};
	objectVersion = 46;
	objects = {

/* Begin PBXBuildFile section */
		022972EC1C0D586900244260 /* Reachability.m in Sources */ = {isa = PBXBuildFile; fileRef = 022972EB1C0D586900244260 /* Reachability.m */; };
		02552E831BFAEC080023B0F4 /* StorageHelper.m in Sources */ = {isa = PBXBuildFile; fileRef = 02552E821BFAEC080023B0F4 /* StorageHelper.m */; };
		0258FF171C3B8E57000E7CC3 /* logo.png in Resources */ = {isa = PBXBuildFile; fileRef = 0258FF161C3B8E57000E7CC3 /* logo.png */; };
		0265199A1BF19A8E0078AB14 /* main.m in Sources */ = {isa = PBXBuildFile; fileRef = 026519991BF19A8E0078AB14 /* main.m */; };
		0265199D1BF19A8E0078AB14 /* AppDelegate.m in Sources */ = {isa = PBXBuildFile; fileRef = 0265199C1BF19A8E0078AB14 /* AppDelegate.m */; };
		026519A31BF19A8E0078AB14 /* Main.storyboard in Resources */ = {isa = PBXBuildFile; fileRef = 026519A11BF19A8E0078AB14 /* Main.storyboard */; };
		026519A51BF19A8E0078AB14 /* Assets.xcassets in Resources */ = {isa = PBXBuildFile; fileRef = 026519A41BF19A8E0078AB14 /* Assets.xcassets */; };
		026519A81BF19A8E0078AB14 /* LaunchScreen.storyboard in Resources */ = {isa = PBXBuildFile; fileRef = 026519A61BF19A8E0078AB14 /* LaunchScreen.storyboard */; };
		026519C31BF1A1430078AB14 /* AddProjectViewController.m in Sources */ = {isa = PBXBuildFile; fileRef = 026519BC1BF1A1430078AB14 /* AddProjectViewController.m */; };
		026519C41BF1A1430078AB14 /* FlowViewController.m in Sources */ = {isa = PBXBuildFile; fileRef = 026519BE1BF1A1430078AB14 /* FlowViewController.m */; };
		026519C51BF1A1430078AB14 /* ProjectListTableViewController.m in Sources */ = {isa = PBXBuildFile; fileRef = 026519C01BF1A1430078AB14 /* ProjectListTableViewController.m */; };
		026519C61BF1A1430078AB14 /* ViewController.m in Sources */ = {isa = PBXBuildFile; fileRef = 026519C21BF1A1430078AB14 /* ViewController.m */; };
		02CCFC441C23FEAD0053E940 /* LoginViewController.m in Sources */ = {isa = PBXBuildFile; fileRef = 02CCFC3F1C23FEAD0053E940 /* LoginViewController.m */; };
		02CCFC451C23FEAD0053E940 /* SignUpViewController.m in Sources */ = {isa = PBXBuildFile; fileRef = 02CCFC411C23FEAD0053E940 /* SignUpViewController.m */; };
		02CCFC461C23FEAD0053E940 /* ConnectionHelper.m in Sources */ = {isa = PBXBuildFile; fileRef = 02CCFC431C23FEAD0053E940 /* ConnectionHelper.m */; };
		02D35CAB1BF9895600B40DFC /* 120.png in Resources */ = {isa = PBXBuildFile; fileRef = 02D35CA31BF9895600B40DFC /* 120.png */; };
		02D35CAC1BF9895600B40DFC /* 180.png in Resources */ = {isa = PBXBuildFile; fileRef = 02D35CA41BF9895600B40DFC /* 180.png */; };
		02D35CAD1BF9895600B40DFC /* 29.png in Resources */ = {isa = PBXBuildFile; fileRef = 02D35CA51BF9895600B40DFC /* 29.png */; };
		02D35CAE1BF9895600B40DFC /* 40.png in Resources */ = {isa = PBXBuildFile; fileRef = 02D35CA61BF9895600B40DFC /* 40.png */; };
		02D35CAF1BF9895600B40DFC /* 58.png in Resources */ = {isa = PBXBuildFile; fileRef = 02D35CA71BF9895600B40DFC /* 58.png */; };
		02D35CB01BF9895600B40DFC /* 60.png in Resources */ = {isa = PBXBuildFile; fileRef = 02D35CA81BF9895600B40DFC /* 60.png */; };
		02D35CB11BF9895600B40DFC /* 80.png in Resources */ = {isa = PBXBuildFile; fileRef = 02D35CA91BF9895600B40DFC /* 80.png */; };
		02D35CB21BF9895600B40DFC /* 87.png in Resources */ = {isa = PBXBuildFile; fileRef = 02D35CAA1BF9895600B40DFC /* 87.png */; };
		02D35CB51BF98A2200B40DFC /* 76.png in Resources */ = {isa = PBXBuildFile; fileRef = 02D35CB31BF98A2200B40DFC /* 76.png */; };
		02D35CB61BF98A2200B40DFC /* 152.png in Resources */ = {isa = PBXBuildFile; fileRef = 02D35CB41BF98A2200B40DFC /* 152.png */; };
		02D35CB91BF991C000B40DFC /* Label.m in Sources */ = {isa = PBXBuildFile; fileRef = 02D35CB81BF991C000B40DFC /* Label.m */; };
		02D633CA1BFD930A000100B5 /* FlowChart.png in Resources */ = {isa = PBXBuildFile; fileRef = 02D633C91BFD930A000100B5 /* FlowChart.png */; };
		02F199561BF5D99800EAE62B /* add.png in Resources */ = {isa = PBXBuildFile; fileRef = 02F199481BF5D99800EAE62B /* add.png */; };
		02F199571BF5D99800EAE62B /* database.png in Resources */ = {isa = PBXBuildFile; fileRef = 02F199491BF5D99800EAE62B /* database.png */; };
		02F199581BF5D99800EAE62B /* delete.png in Resources */ = {isa = PBXBuildFile; fileRef = 02F1994A1BF5D99800EAE62B /* delete.png */; };
		02F199591BF5D99800EAE62B /* diamond.png in Resources */ = {isa = PBXBuildFile; fileRef = 02F1994B1BF5D99800EAE62B /* diamond.png */; };
		02F1995A1BF5D99800EAE62B /* Ellipse.png in Resources */ = {isa = PBXBuildFile; fileRef = 02F1994C1BF5D99800EAE62B /* Ellipse.png */; };
		02F1995B1BF5D99800EAE62B /* minus.png in Resources */ = {isa = PBXBuildFile; fileRef = 02F1994D1BF5D99800EAE62B /* minus.png */; };
		02F1995C1BF5D99800EAE62B /* Rectangle.png in Resources */ = {isa = PBXBuildFile; fileRef = 02F1994E1BF5D99800EAE62B /* Rectangle.png */; };
		02F1995D1BF5D99800EAE62B /* rhombus.png in Resources */ = {isa = PBXBuildFile; fileRef = 02F1994F1BF5D99800EAE62B /* rhombus.png */; };
		02F1995E1BF5D99800EAE62B /* rotateAntiClockwise.png in Resources */ = {isa = PBXBuildFile; fileRef = 02F199501BF5D99800EAE62B /* rotateAntiClockwise.png */; };
		02F1995F1BF5D99800EAE62B /* rotateClockwise.png in Resources */ = {isa = PBXBuildFile; fileRef = 02F199511BF5D99800EAE62B /* rotateClockwise.png */; };
		02F199601BF5D99800EAE62B /* savae.png in Resources */ = {isa = PBXBuildFile; fileRef = 02F199521BF5D99800EAE62B /* savae.png */; };
		02F199611BF5D99800EAE62B /* save.png in Resources */ = {isa = PBXBuildFile; fileRef = 02F199531BF5D99800EAE62B /* save.png */; };
		02F199621BF5D99800EAE62B /* text.png in Resources */ = {isa = PBXBuildFile; fileRef = 02F199541BF5D99800EAE62B /* text.png */; };
		02F199631BF5D99800EAE62B /* upArrow.png in Resources */ = {isa = PBXBuildFile; fileRef = 02F199551BF5D99800EAE62B /* upArrow.png */; };
		02F1996F1BF5D9B700EAE62B /* Diamond.m in Sources */ = {isa = PBXBuildFile; fileRef = 02F199661BF5D9B700EAE62B /* Diamond.m */; };
		02F199701BF5D9B700EAE62B /* iShape.m in Sources */ = {isa = PBXBuildFile; fileRef = 02F199681BF5D9B700EAE62B /* iShape.m */; };
		02F199711BF5D9B700EAE62B /* Line.m in Sources */ = {isa = PBXBuildFile; fileRef = 02F1996A1BF5D9B700EAE62B /* Line.m */; };
		02F199721BF5D9B700EAE62B /* Rectangle.m in Sources */ = {isa = PBXBuildFile; fileRef = 02F1996C1BF5D9B700EAE62B /* Rectangle.m */; };
		02F199731BF5D9B700EAE62B /* Rhombus.m in Sources */ = {isa = PBXBuildFile; fileRef = 02F1996E1BF5D9B700EAE62B /* Rhombus.m */; };
		02F199761BF5F2A700EAE62B /* Terminator.m in Sources */ = {isa = PBXBuildFile; fileRef = 02F199751BF5F2A700EAE62B /* Terminator.m */; };
/* End PBXBuildFile section */

/* Begin PBXFileReference section */
		022972EA1C0D586900244260 /* Reachability.h */ = {isa = PBXFileReference; fileEncoding = 4; lastKnownFileType = sourcecode.c.h; path = Reachability.h; sourceTree = "<group>"; };
		022972EB1C0D586900244260 /* Reachability.m */ = {isa = PBXFileReference; fileEncoding = 4; lastKnownFileType = sourcecode.c.objc; path = Reachability.m; sourceTree = "<group>"; };
		02552E811BFAEC080023B0F4 /* StorageHelper.h */ = {isa = PBXFileReference; fileEncoding = 4; lastKnownFileType = sourcecode.c.h; path = StorageHelper.h; sourceTree = "<group>"; };
		02552E821BFAEC080023B0F4 /* StorageHelper.m */ = {isa = PBXFileReference; fileEncoding = 4; lastKnownFileType = sourcecode.c.objc; path = StorageHelper.m; sourceTree = "<group>"; };
		0258FF161C3B8E57000E7CC3 /* logo.png */ = {isa = PBXFileReference; lastKnownFileType = image.png; path = logo.png; sourceTree = "<group>"; };
		026519951BF19A8E0078AB14 /* Dec_22 II.app */ = {isa = PBXFileReference; explicitFileType = wrapper.application; includeInIndex = 0; path = "Dec_22 II.app"; sourceTree = BUILT_PRODUCTS_DIR; };
		026519991BF19A8E0078AB14 /* main.m */ = {isa = PBXFileReference; lastKnownFileType = sourcecode.c.objc; path = main.m; sourceTree = "<group>"; };
		0265199B1BF19A8E0078AB14 /* AppDelegate.h */ = {isa = PBXFileReference; lastKnownFileType = sourcecode.c.h; path = AppDelegate.h; sourceTree = "<group>"; };
		0265199C1BF19A8E0078AB14 /* AppDelegate.m */ = {isa = PBXFileReference; lastKnownFileType = sourcecode.c.objc; path = AppDelegate.m; sourceTree = "<group>"; };
		026519A21BF19A8E0078AB14 /* Base */ = {isa = PBXFileReference; lastKnownFileType = file.storyboard; name = Base; path = Base.lproj/Main.storyboard; sourceTree = "<group>"; };
		026519A41BF19A8E0078AB14 /* Assets.xcassets */ = {isa = PBXFileReference; lastKnownFileType = folder.assetcatalog; path = Assets.xcassets; sourceTree = "<group>"; };
		026519A71BF19A8E0078AB14 /* Base */ = {isa = PBXFileReference; lastKnownFileType = file.storyboard; name = Base; path = Base.lproj/LaunchScreen.storyboard; sourceTree = "<group>"; };
		026519A91BF19A8E0078AB14 /* Info.plist */ = {isa = PBXFileReference; lastKnownFileType = text.plist.xml; path = Info.plist; sourceTree = "<group>"; };
		026519BB1BF1A1430078AB14 /* AddProjectViewController.h */ = {isa = PBXFileReference; fileEncoding = 4; lastKnownFileType = sourcecode.c.h; name = AddProjectViewController.h; path = ViewControllers/AddProjectViewController.h; sourceTree = "<group>"; };
		026519BC1BF1A1430078AB14 /* AddProjectViewController.m */ = {isa = PBXFileReference; fileEncoding = 4; lastKnownFileType = sourcecode.c.objc; name = AddProjectViewController.m; path = ViewControllers/AddProjectViewController.m; sourceTree = "<group>"; };
		026519BD1BF1A1430078AB14 /* FlowViewController.h */ = {isa = PBXFileReference; fileEncoding = 4; lastKnownFileType = sourcecode.c.h; name = FlowViewController.h; path = ViewControllers/FlowViewController.h; sourceTree = "<group>"; };
		026519BE1BF1A1430078AB14 /* FlowViewController.m */ = {isa = PBXFileReference; fileEncoding = 4; lastKnownFileType = sourcecode.c.objc; name = FlowViewController.m; path = ViewControllers/FlowViewController.m; sourceTree = "<group>"; };
		026519BF1BF1A1430078AB14 /* ProjectListTableViewController.h */ = {isa = PBXFileReference; fileEncoding = 4; lastKnownFileType = sourcecode.c.h; name = ProjectListTableViewController.h; path = ViewControllers/ProjectListTableViewController.h; sourceTree = "<group>"; };
		026519C01BF1A1430078AB14 /* ProjectListTableViewController.m */ = {isa = PBXFileReference; fileEncoding = 4; lastKnownFileType = sourcecode.c.objc; name = ProjectListTableViewController.m; path = ViewControllers/ProjectListTableViewController.m; sourceTree = "<group>"; };
		026519C11BF1A1430078AB14 /* ViewController.h */ = {isa = PBXFileReference; fileEncoding = 4; lastKnownFileType = sourcecode.c.h; name = ViewController.h; path = ViewControllers/ViewController.h; sourceTree = "<group>"; };
		026519C21BF1A1430078AB14 /* ViewController.m */ = {isa = PBXFileReference; fileEncoding = 4; lastKnownFileType = sourcecode.c.objc; name = ViewController.m; path = ViewControllers/ViewController.m; sourceTree = "<group>"; };
		02CCFC3E1C23FEAD0053E940 /* LoginViewController.h */ = {isa = PBXFileReference; fileEncoding = 4; lastKnownFileType = sourcecode.c.h; path = LoginViewController.h; sourceTree = "<group>"; };
		02CCFC3F1C23FEAD0053E940 /* LoginViewController.m */ = {isa = PBXFileReference; fileEncoding = 4; lastKnownFileType = sourcecode.c.objc; path = LoginViewController.m; sourceTree = "<group>"; };
		02CCFC401C23FEAD0053E940 /* SignUpViewController.h */ = {isa = PBXFileReference; fileEncoding = 4; lastKnownFileType = sourcecode.c.h; path = SignUpViewController.h; sourceTree = "<group>"; };
		02CCFC411C23FEAD0053E940 /* SignUpViewController.m */ = {isa = PBXFileReference; fileEncoding = 4; lastKnownFileType = sourcecode.c.objc; path = SignUpViewController.m; sourceTree = "<group>"; };
		02CCFC421C23FEAD0053E940 /* ConnectionHelper.h */ = {isa = PBXFileReference; fileEncoding = 4; lastKnownFileType = sourcecode.c.h; path = ConnectionHelper.h; sourceTree = "<group>"; };
		02CCFC431C23FEAD0053E940 /* ConnectionHelper.m */ = {isa = PBXFileReference; fileEncoding = 4; lastKnownFileType = sourcecode.c.objc; path = ConnectionHelper.m; sourceTree = "<group>"; };
		02D35CA31BF9895600B40DFC /* 120.png */ = {isa = PBXFileReference; lastKnownFileType = image.png; path = 120.png; sourceTree = "<group>"; };
		02D35CA41BF9895600B40DFC /* 180.png */ = {isa = PBXFileReference; lastKnownFileType = image.png; path = 180.png; sourceTree = "<group>"; };
		02D35CA51BF9895600B40DFC /* 29.png */ = {isa = PBXFileReference; lastKnownFileType = image.png; path = 29.png; sourceTree = "<group>"; };
		02D35CA61BF9895600B40DFC /* 40.png */ = {isa = PBXFileReference; lastKnownFileType = image.png; path = 40.png; sourceTree = "<group>"; };
		02D35CA71BF9895600B40DFC /* 58.png */ = {isa = PBXFileReference; lastKnownFileType = image.png; path = 58.png; sourceTree = "<group>"; };
		02D35CA81BF9895600B40DFC /* 60.png */ = {isa = PBXFileReference; lastKnownFileType = image.png; path = 60.png; sourceTree = "<group>"; };
		02D35CA91BF9895600B40DFC /* 80.png */ = {isa = PBXFileReference; lastKnownFileType = image.png; path = 80.png; sourceTree = "<group>"; };
		02D35CAA1BF9895600B40DFC /* 87.png */ = {isa = PBXFileReference; lastKnownFileType = image.png; path = 87.png; sourceTree = "<group>"; };
		02D35CB31BF98A2200B40DFC /* 76.png */ = {isa = PBXFileReference; lastKnownFileType = image.png; path = 76.png; sourceTree = "<group>"; };
		02D35CB41BF98A2200B40DFC /* 152.png */ = {isa = PBXFileReference; lastKnownFileType = image.png; path = 152.png; sourceTree = "<group>"; };
		02D35CB71BF991C000B40DFC /* Label.h */ = {isa = PBXFileReference; fileEncoding = 4; lastKnownFileType = sourcecode.c.h; path = Label.h; sourceTree = "<group>"; };
		02D35CB81BF991C000B40DFC /* Label.m */ = {isa = PBXFileReference; fileEncoding = 4; lastKnownFileType = sourcecode.c.objc; path = Label.m; sourceTree = "<group>"; };
		02D633C91BFD930A000100B5 /* FlowChart.png */ = {isa = PBXFileReference; lastKnownFileType = image.png; path = FlowChart.png; sourceTree = "<group>"; };
		02F199481BF5D99800EAE62B /* add.png */ = {isa = PBXFileReference; lastKnownFileType = image.png; path = add.png; sourceTree = "<group>"; };
		02F199491BF5D99800EAE62B /* database.png */ = {isa = PBXFileReference; lastKnownFileType = image.png; path = database.png; sourceTree = "<group>"; };
		02F1994A1BF5D99800EAE62B /* delete.png */ = {isa = PBXFileReference; lastKnownFileType = image.png; path = delete.png; sourceTree = "<group>"; };
		02F1994B1BF5D99800EAE62B /* diamond.png */ = {isa = PBXFileReference; lastKnownFileType = image.png; path = diamond.png; sourceTree = "<group>"; };
		02F1994C1BF5D99800EAE62B /* Ellipse.png */ = {isa = PBXFileReference; lastKnownFileType = image.png; path = Ellipse.png; sourceTree = "<group>"; };
		02F1994D1BF5D99800EAE62B /* minus.png */ = {isa = PBXFileReference; lastKnownFileType = image.png; path = minus.png; sourceTree = "<group>"; };
		02F1994E1BF5D99800EAE62B /* Rectangle.png */ = {isa = PBXFileReference; lastKnownFileType = image.png; path = Rectangle.png; sourceTree = "<group>"; };
		02F1994F1BF5D99800EAE62B /* rhombus.png */ = {isa = PBXFileReference; lastKnownFileType = image.png; path = rhombus.png; sourceTree = "<group>"; };
		02F199501BF5D99800EAE62B /* rotateAntiClockwise.png */ = {isa = PBXFileReference; lastKnownFileType = image.png; path = rotateAntiClockwise.png; sourceTree = "<group>"; };
		02F199511BF5D99800EAE62B /* rotateClockwise.png */ = {isa = PBXFileReference; lastKnownFileType = image.png; path = rotateClockwise.png; sourceTree = "<group>"; };
		02F199521BF5D99800EAE62B /* savae.png */ = {isa = PBXFileReference; lastKnownFileType = image.png; path = savae.png; sourceTree = "<group>"; };
		02F199531BF5D99800EAE62B /* save.png */ = {isa = PBXFileReference; lastKnownFileType = image.png; path = save.png; sourceTree = "<group>"; };
		02F199541BF5D99800EAE62B /* text.png */ = {isa = PBXFileReference; lastKnownFileType = image.png; path = text.png; sourceTree = "<group>"; };
		02F199551BF5D99800EAE62B /* upArrow.png */ = {isa = PBXFileReference; lastKnownFileType = image.png; path = upArrow.png; sourceTree = "<group>"; };
		02F199651BF5D9B700EAE62B /* Diamond.h */ = {isa = PBXFileReference; fileEncoding = 4; lastKnownFileType = sourcecode.c.h; path = Diamond.h; sourceTree = "<group>"; };
		02F199661BF5D9B700EAE62B /* Diamond.m */ = {isa = PBXFileReference; fileEncoding = 4; lastKnownFileType = sourcecode.c.objc; path = Diamond.m; sourceTree = "<group>"; };
		02F199671BF5D9B700EAE62B /* iShape.h */ = {isa = PBXFileReference; fileEncoding = 4; lastKnownFileType = sourcecode.c.h; path = iShape.h; sourceTree = "<group>"; };
		02F199681BF5D9B700EAE62B /* iShape.m */ = {isa = PBXFileReference; fileEncoding = 4; lastKnownFileType = sourcecode.c.objc; path = iShape.m; sourceTree = "<group>"; };
		02F199691BF5D9B700EAE62B /* Line.h */ = {isa = PBXFileReference; fileEncoding = 4; lastKnownFileType = sourcecode.c.h; path = Line.h; sourceTree = "<group>"; };
		02F1996A1BF5D9B700EAE62B /* Line.m */ = {isa = PBXFileReference; fileEncoding = 4; lastKnownFileType = sourcecode.c.objc; path = Line.m; sourceTree = "<group>"; };
		02F1996B1BF5D9B700EAE62B /* Rectangle.h */ = {isa = PBXFileReference; fileEncoding = 4; lastKnownFileType = sourcecode.c.h; path = Rectangle.h; sourceTree = "<group>"; };
		02F1996C1BF5D9B700EAE62B /* Rectangle.m */ = {isa = PBXFileReference; fileEncoding = 4; lastKnownFileType = sourcecode.c.objc; path = Rectangle.m; sourceTree = "<group>"; };
		02F1996D1BF5D9B700EAE62B /* Rhombus.h */ = {isa = PBXFileReference; fileEncoding = 4; lastKnownFileType = sourcecode.c.h; path = Rhombus.h; sourceTree = "<group>"; };
		02F1996E1BF5D9B700EAE62B /* Rhombus.m */ = {isa = PBXFileReference; fileEncoding = 4; lastKnownFileType = sourcecode.c.objc; path = Rhombus.m; sourceTree = "<group>"; };
		02F199741BF5F2A700EAE62B /* Terminator.h */ = {isa = PBXFileReference; fileEncoding = 4; lastKnownFileType = sourcecode.c.h; path = Terminator.h; sourceTree = "<group>"; };
		02F199751BF5F2A700EAE62B /* Terminator.m */ = {isa = PBXFileReference; fileEncoding = 4; lastKnownFileType = sourcecode.c.objc; path = Terminator.m; sourceTree = "<group>"; };
/* End PBXFileReference section */

/* Begin PBXFrameworksBuildPhase section */
		026519921BF19A8E0078AB14 /* Frameworks */ = {
			isa = PBXFrameworksBuildPhase;
			buildActionMask = 2147483647;
			files = (
			);
			runOnlyForDeploymentPostprocessing = 0;
		};
/* End PBXFrameworksBuildPhase section */

/* Begin PBXGroup section */
		020D98F81BF5D167007EF15C /* images */ = {
			isa = PBXGroup;
			children = (
				02F199471BF5D99800EAE62B /* images */,
			);
			name = images;
			sourceTree = "<group>";
		};
		02552E841BFAEC0E0023B0F4 /* Utility */ = {
			isa = PBXGroup;
			children = (
				02CCFC421C23FEAD0053E940 /* ConnectionHelper.h */,
				02CCFC431C23FEAD0053E940 /* ConnectionHelper.m */,
				02552E811BFAEC080023B0F4 /* StorageHelper.h */,
				02552E821BFAEC080023B0F4 /* StorageHelper.m */,
			);
			name = Utility;
			sourceTree = "<group>";
		};
		0265198C1BF19A8E0078AB14 = {
			isa = PBXGroup;
			children = (
				026519971BF19A8E0078AB14 /* Final_Version */,
				026519961BF19A8E0078AB14 /* Products */,
			);
			sourceTree = "<group>";
		};
		026519961BF19A8E0078AB14 /* Products */ = {
			isa = PBXGroup;
			children = (
				026519951BF19A8E0078AB14 /* Dec_22 II.app */,
			);
			name = Products;
			sourceTree = "<group>";
		};
		026519971BF19A8E0078AB14 /* Final_Version */ = {
			isa = PBXGroup;
			children = (
				0265199B1BF19A8E0078AB14 /* AppDelegate.h */,
				0265199C1BF19A8E0078AB14 /* AppDelegate.m */,
				02552E841BFAEC0E0023B0F4 /* Utility */,
				026519C71BF1A16B0078AB14 /* ViewControllers */,
				026519A11BF19A8E0078AB14 /* Main.storyboard */,
				026519A41BF19A8E0078AB14 /* Assets.xcassets */,
				02D35CA21BF9895600B40DFC /* icon */,
				02F199641BF5D9B700EAE62B /* model */,
				020D98F81BF5D167007EF15C /* images */,
				026519A61BF19A8E0078AB14 /* LaunchScreen.storyboard */,
				026519A91BF19A8E0078AB14 /* Info.plist */,
				026519981BF19A8E0078AB14 /* Supporting Files */,
			);
			path = Final_Version;
			sourceTree = "<group>";
		};
		026519981BF19A8E0078AB14 /* Supporting Files */ = {
			isa = PBXGroup;
			children = (
				026519991BF19A8E0078AB14 /* main.m */,
			);
			name = "Supporting Files";
			sourceTree = "<group>";
		};
		026519C71BF1A16B0078AB14 /* ViewControllers */ = {
			isa = PBXGroup;
			children = (
				02CCFC401C23FEAD0053E940 /* SignUpViewController.h */,
				02CCFC411C23FEAD0053E940 /* SignUpViewController.m */,
				02CCFC3E1C23FEAD0053E940 /* LoginViewController.h */,
				02CCFC3F1C23FEAD0053E940 /* LoginViewController.m */,
				026519C11BF1A1430078AB14 /* ViewController.h */,
				026519C21BF1A1430078AB14 /* ViewController.m */,
				026519BB1BF1A1430078AB14 /* AddProjectViewController.h */,
				026519BC1BF1A1430078AB14 /* AddProjectViewController.m */,
				026519BD1BF1A1430078AB14 /* FlowViewController.h */,
				026519BE1BF1A1430078AB14 /* FlowViewController.m */,
				022972EA1C0D586900244260 /* Reachability.h */,
				022972EB1C0D586900244260 /* Reachability.m */,
				026519BF1BF1A1430078AB14 /* ProjectListTableViewController.h */,
				026519C01BF1A1430078AB14 /* ProjectListTableViewController.m */,
			);
			name = ViewControllers;
			sourceTree = "<group>";
		};
		02D35CA21BF9895600B40DFC /* icon */ = {
			isa = PBXGroup;
			children = (
				0258FF161C3B8E57000E7CC3 /* logo.png */,
				02D633C91BFD930A000100B5 /* FlowChart.png */,
				02D35CA31BF9895600B40DFC /* 120.png */,
				02D35CA41BF9895600B40DFC /* 180.png */,
				02D35CA51BF9895600B40DFC /* 29.png */,
				02D35CB31BF98A2200B40DFC /* 76.png */,
				02D35CB41BF98A2200B40DFC /* 152.png */,
				02D35CA71BF9895600B40DFC /* 58.png */,
				02D35CA61BF9895600B40DFC /* 40.png */,
				02D35CA81BF9895600B40DFC /* 60.png */,
				02D35CA91BF9895600B40DFC /* 80.png */,
				02D35CAA1BF9895600B40DFC /* 87.png */,
			);
			path = icon;
			sourceTree = "<group>";
		};
		02F199471BF5D99800EAE62B /* images */ = {
			isa = PBXGroup;
			children = (
				02F199481BF5D99800EAE62B /* add.png */,
				02F199491BF5D99800EAE62B /* database.png */,
				02F1994A1BF5D99800EAE62B /* delete.png */,
				02F1994B1BF5D99800EAE62B /* diamond.png */,
				02F1994C1BF5D99800EAE62B /* Ellipse.png */,
				02F1994D1BF5D99800EAE62B /* minus.png */,
				02F1994E1BF5D99800EAE62B /* Rectangle.png */,
				02F1994F1BF5D99800EAE62B /* rhombus.png */,
				02F199501BF5D99800EAE62B /* rotateAntiClockwise.png */,
				02F199511BF5D99800EAE62B /* rotateClockwise.png */,
				02F199521BF5D99800EAE62B /* savae.png */,
				02F199531BF5D99800EAE62B /* save.png */,
				02F199541BF5D99800EAE62B /* text.png */,
				02F199551BF5D99800EAE62B /* upArrow.png */,
			);
			path = images;
			sourceTree = "<group>";
		};
		02F199641BF5D9B700EAE62B /* model */ = {
			isa = PBXGroup;
			children = (
				02F199651BF5D9B700EAE62B /* Diamond.h */,
				02F199661BF5D9B700EAE62B /* Diamond.m */,
				02F199671BF5D9B700EAE62B /* iShape.h */,
				02F199681BF5D9B700EAE62B /* iShape.m */,
				02F199691BF5D9B700EAE62B /* Line.h */,
				02F1996A1BF5D9B700EAE62B /* Line.m */,
				02F199741BF5F2A700EAE62B /* Terminator.h */,
				02F199751BF5F2A700EAE62B /* Terminator.m */,
				02F1996B1BF5D9B700EAE62B /* Rectangle.h */,
				02F1996C1BF5D9B700EAE62B /* Rectangle.m */,
				02F1996D1BF5D9B700EAE62B /* Rhombus.h */,
				02F1996E1BF5D9B700EAE62B /* Rhombus.m */,
				02D35CB71BF991C000B40DFC /* Label.h */,
				02D35CB81BF991C000B40DFC /* Label.m */,
			);
			path = model;
			sourceTree = "<group>";
		};
/* End PBXGroup section */

/* Begin PBXNativeTarget section */
		026519941BF19A8E0078AB14 /* Flowchart */ = {
			isa = PBXNativeTarget;
			buildConfigurationList = 026519AC1BF19A8E0078AB14 /* Build configuration list for PBXNativeTarget "Flowchart" */;
			buildPhases = (
				026519911BF19A8E0078AB14 /* Sources */,
				026519921BF19A8E0078AB14 /* Frameworks */,
				026519931BF19A8E0078AB14 /* Resources */,
			);
			buildRules = (
			);
			dependencies = (
			);
			name = Flowchart;
			productName = Final_Version;
			productReference = 026519951BF19A8E0078AB14 /* Dec_22 II.app */;
			productType = "com.apple.product-type.application";
		};
/* End PBXNativeTarget section */

/* Begin PBXProject section */
		0265198D1BF19A8E0078AB14 /* Project object */ = {
			isa = PBXProject;
			attributes = {
				LastUpgradeCheck = 0700;
				ORGANIZATIONNAME = MobileApp;
				TargetAttributes = {
					026519941BF19A8E0078AB14 = {
						CreatedOnToolsVersion = 7.0;
						DevelopmentTeam = 9K3WK6L4PW;
					};
				};
			};
			buildConfigurationList = 026519901BF19A8E0078AB14 /* Build configuration list for PBXProject "Flowchart" */;
			compatibilityVersion = "Xcode 3.2";
			developmentRegion = English;
			hasScannedForEncodings = 0;
			knownRegions = (
				en,
				Base,
			);
			mainGroup = 0265198C1BF19A8E0078AB14;
			productRefGroup = 026519961BF19A8E0078AB14 /* Products */;
			projectDirPath = "";
			projectRoot = "";
			targets = (
				026519941BF19A8E0078AB14 /* Flowchart */,
			);
		};
/* End PBXProject section */

/* Begin PBXResourcesBuildPhase section */
		026519931BF19A8E0078AB14 /* Resources */ = {
			isa = PBXResourcesBuildPhase;
			buildActionMask = 2147483647;
			files = (
				02D35CB61BF98A2200B40DFC /* 152.png in Resources */,
				02D35CB51BF98A2200B40DFC /* 76.png in Resources */,
				02D35CAD1BF9895600B40DFC /* 29.png in Resources */,
				026519A81BF19A8E0078AB14 /* LaunchScreen.storyboard in Resources */,
				02F1995C1BF5D99800EAE62B /* Rectangle.png in Resources */,
				026519A51BF19A8E0078AB14 /* Assets.xcassets in Resources */,
				02D633CA1BFD930A000100B5 /* FlowChart.png in Resources */,
				02D35CAC1BF9895600B40DFC /* 180.png in Resources */,
				02D35CAE1BF9895600B40DFC /* 40.png in Resources */,
				02D35CAB1BF9895600B40DFC /* 120.png in Resources */,
				02F1995F1BF5D99800EAE62B /* rotateClockwise.png in Resources */,
				02D35CAF1BF9895600B40DFC /* 58.png in Resources */,
				02D35CB11BF9895600B40DFC /* 80.png in Resources */,
				02F199611BF5D99800EAE62B /* save.png in Resources */,
				02D35CB01BF9895600B40DFC /* 60.png in Resources */,
				02F1995D1BF5D99800EAE62B /* rhombus.png in Resources */,
				0258FF171C3B8E57000E7CC3 /* logo.png in Resources */,
				02F199581BF5D99800EAE62B /* delete.png in Resources */,
				02F199571BF5D99800EAE62B /* database.png in Resources */,
				02D35CB21BF9895600B40DFC /* 87.png in Resources */,
				02F199561BF5D99800EAE62B /* add.png in Resources */,
				02F1995B1BF5D99800EAE62B /* minus.png in Resources */,
				02F199601BF5D99800EAE62B /* savae.png in Resources */,
				02F199631BF5D99800EAE62B /* upArrow.png in Resources */,
				02F1995E1BF5D99800EAE62B /* rotateAntiClockwise.png in Resources */,
				026519A31BF19A8E0078AB14 /* Main.storyboard in Resources */,
				02F1995A1BF5D99800EAE62B /* Ellipse.png in Resources */,
				02F199621BF5D99800EAE62B /* text.png in Resources */,
				02F199591BF5D99800EAE62B /* diamond.png in Resources */,
			);
			runOnlyForDeploymentPostprocessing = 0;
		};
/* End PBXResourcesBuildPhase section */

/* Begin PBXSourcesBuildPhase section */
		026519911BF19A8E0078AB14 /* Sources */ = {
			isa = PBXSourcesBuildPhase;
			buildActionMask = 2147483647;
			files = (
				02F1996F1BF5D9B700EAE62B /* Diamond.m in Sources */,
				02552E831BFAEC080023B0F4 /* StorageHelper.m in Sources */,
				02F199731BF5D9B700EAE62B /* Rhombus.m in Sources */,
				02F199711BF5D9B700EAE62B /* Line.m in Sources */,
				02CCFC451C23FEAD0053E940 /* SignUpViewController.m in Sources */,
				022972EC1C0D586900244260 /* Reachability.m in Sources */,
				026519C31BF1A1430078AB14 /* AddProjectViewController.m in Sources */,
				026519C51BF1A1430078AB14 /* ProjectListTableViewController.m in Sources */,
				026519C61BF1A1430078AB14 /* ViewController.m in Sources */,
				02CCFC441C23FEAD0053E940 /* LoginViewController.m in Sources */,
				0265199D1BF19A8E0078AB14 /* AppDelegate.m in Sources */,
				02F199701BF5D9B700EAE62B /* iShape.m in Sources */,
				02F199761BF5F2A700EAE62B /* Terminator.m in Sources */,
				02D35CB91BF991C000B40DFC /* Label.m in Sources */,
				0265199A1BF19A8E0078AB14 /* main.m in Sources */,
				02CCFC461C23FEAD0053E940 /* ConnectionHelper.m in Sources */,
				026519C41BF1A1430078AB14 /* FlowViewController.m in Sources */,
				02F199721BF5D9B700EAE62B /* Rectangle.m in Sources */,
			);
			runOnlyForDeploymentPostprocessing = 0;
		};
/* End PBXSourcesBuildPhase section */

/* Begin PBXVariantGroup section */
		026519A11BF19A8E0078AB14 /* Main.storyboard */ = {
			isa = PBXVariantGroup;
			children = (
				026519A21BF19A8E0078AB14 /* Base */,
			);
			name = Main.storyboard;
			sourceTree = "<group>";
		};
		026519A61BF19A8E0078AB14 /* LaunchScreen.storyboard */ = {
			isa = PBXVariantGroup;
			children = (
				026519A71BF19A8E0078AB14 /* Base */,
			);
			name = LaunchScreen.storyboard;
			sourceTree = "<group>";
		};
/* End PBXVariantGroup section */

/* Begin XCBuildConfiguration section */
		026519AA1BF19A8E0078AB14 /* Debug */ = {
			isa = XCBuildConfiguration;
			buildSettings = {
				ALWAYS_SEARCH_USER_PATHS = NO;
				CLANG_CXX_LANGUAGE_STANDARD = "gnu++0x";
				CLANG_CXX_LIBRARY = "libc++";
				CLANG_ENABLE_MODULES = YES;
				CLANG_ENABLE_OBJC_ARC = YES;
				CLANG_WARN_BOOL_CONVERSION = YES;
				CLANG_WARN_CONSTANT_CONVERSION = YES;
				CLANG_WARN_DIRECT_OBJC_ISA_USAGE = YES_ERROR;
				CLANG_WARN_EMPTY_BODY = YES;
				CLANG_WARN_ENUM_CONVERSION = YES;
				CLANG_WARN_INT_CONVERSION = YES;
				CLANG_WARN_OBJC_ROOT_CLASS = YES_ERROR;
				CLANG_WARN_UNREACHABLE_CODE = YES;
				CLANG_WARN__DUPLICATE_METHOD_MATCH = YES;
				"CODE_SIGN_IDENTITY[sdk=iphoneos*]" = "iPhone Developer";
				COPY_PHASE_STRIP = NO;
				DEBUG_INFORMATION_FORMAT = dwarf;
				ENABLE_STRICT_OBJC_MSGSEND = YES;
				ENABLE_TESTABILITY = YES;
				GCC_C_LANGUAGE_STANDARD = gnu99;
				GCC_DYNAMIC_NO_PIC = NO;
				GCC_NO_COMMON_BLOCKS = YES;
				GCC_OPTIMIZATION_LEVEL = 0;
				GCC_PREPROCESSOR_DEFINITIONS = (
					"DEBUG=1",
					"$(inherited)",
				);
				GCC_WARN_64_TO_32_BIT_CONVERSION = YES;
				GCC_WARN_ABOUT_RETURN_TYPE = YES_ERROR;
				GCC_WARN_UNDECLARED_SELECTOR = YES;
				GCC_WARN_UNINITIALIZED_AUTOS = YES_AGGRESSIVE;
				GCC_WARN_UNUSED_FUNCTION = YES;
				GCC_WARN_UNUSED_VARIABLE = YES;
				IPHONEOS_DEPLOYMENT_TARGET = 9.0;
				MTL_ENABLE_DEBUG_INFO = YES;
				ONLY_ACTIVE_ARCH = YES;
				SDKROOT = iphoneos;
				TARGETED_DEVICE_FAMILY = "1,2";
			};
			name = Debug;
		};
		026519AB1BF19A8E0078AB14 /* Release */ = {
			isa = XCBuildConfiguration;
			buildSettings = {
				ALWAYS_SEARCH_USER_PATHS = NO;
				CLANG_CXX_LANGUAGE_STANDARD = "gnu++0x";
				CLANG_CXX_LIBRARY = "libc++";
				CLANG_ENABLE_MODULES = YES;
				CLANG_ENABLE_OBJC_ARC = YES;
				CLANG_WARN_BOOL_CONVERSION = YES;
				CLANG_WARN_CONSTANT_CONVERSION = YES;
				CLANG_WARN_DIRECT_OBJC_ISA_USAGE = YES_ERROR;
				CLANG_WARN_EMPTY_BODY = YES;
				CLANG_WARN_ENUM_CONVERSION = YES;
				CLANG_WARN_INT_CONVERSION = YES;
				CLANG_WARN_OBJC_ROOT_CLASS = YES_ERROR;
				CLANG_WARN_UNREACHABLE_CODE = YES;
				CLANG_WARN__DUPLICATE_METHOD_MATCH = YES;
				"CODE_SIGN_IDENTITY[sdk=iphoneos*]" = "iPhone Developer";
				COPY_PHASE_STRIP = NO;
				DEBUG_INFORMATION_FORMAT = "dwarf-with-dsym";
				ENABLE_NS_ASSERTIONS = NO;
				ENABLE_STRICT_OBJC_MSGSEND = YES;
				GCC_C_LANGUAGE_STANDARD = gnu99;
				GCC_NO_COMMON_BLOCKS = YES;
				GCC_WARN_64_TO_32_BIT_CONVERSION = YES;
				GCC_WARN_ABOUT_RETURN_TYPE = YES_ERROR;
				GCC_WARN_UNDECLARED_SELECTOR = YES;
				GCC_WARN_UNINITIALIZED_AUTOS = YES_AGGRESSIVE;
				GCC_WARN_UNUSED_FUNCTION = YES;
				GCC_WARN_UNUSED_VARIABLE = YES;
				IPHONEOS_DEPLOYMENT_TARGET = 9.0;
				MTL_ENABLE_DEBUG_INFO = NO;
				SDKROOT = iphoneos;
				TARGETED_DEVICE_FAMILY = "1,2";
				VALIDATE_PRODUCT = YES;
			};
			name = Release;
		};
		026519AD1BF19A8E0078AB14 /* Debug */ = {
			isa = XCBuildConfiguration;
			buildSettings = {
				ASSETCATALOG_COMPILER_APPICON_NAME = AppIcon;
				INFOPLIST_FILE = Final_Version/Info.plist;
				IPHONEOS_DEPLOYMENT_TARGET = 7.0;
				LD_RUNPATH_SEARCH_PATHS = "$(inherited) @executable_path/Frameworks";
				PRODUCT_BUNDLE_IDENTIFIER = "com.shailu.flowhart-Demo";
				PRODUCT_NAME = "Dec_22 II";
			};
			name = Debug;
		};
		026519AE1BF19A8E0078AB14 /* Release */ = {
			isa = XCBuildConfiguration;
			buildSettings = {
				ASSETCATALOG_COMPILER_APPICON_NAME = AppIcon;
				INFOPLIST_FILE = Final_Version/Info.plist;
				IPHONEOS_DEPLOYMENT_TARGET = 7.0;
				LD_RUNPATH_SEARCH_PATHS = "$(inherited) @executable_path/Frameworks";
				PRODUCT_BUNDLE_IDENTIFIER = "com.shailu.flowhart-Demo";
				PRODUCT_NAME = "Dec_22 II";
			};
			name = Release;
		};
/* End XCBuildConfiguration section */

/* Begin XCConfigurationList section */
		026519901BF19A8E0078AB14 /* Build configuration list for PBXProject "Flowchart" */ = {
			isa = XCConfigurationList;
			buildConfigurations = (
				026519AA1BF19A8E0078AB14 /* Debug */,
				026519AB1BF19A8E0078AB14 /* Release */,
			);
			defaultConfigurationIsVisible = 0;
			defaultConfigurationName = Release;
		};
		026519AC1BF19A8E0078AB14 /* Build configuration list for PBXNativeTarget "Flowchart" */ = {
			isa = XCConfigurationList;
			buildConfigurations = (
				026519AD1BF19A8E0078AB14 /* Debug */,
				026519AE1BF19A8E0078AB14 /* Release */,
			);
			defaultConfigurationIsVisible = 0;
			defaultConfigurationName = Release;
		};
/* End XCConfigurationList section */
	};
	rootObject = 0265198D1BF19A8E0078AB14 /* Project object */;
}
